
Microsoft Visual Studio Solution File, Format Version 12.00
# Visual Studio Version 16
VisualStudioVersion = 16.0.31019.35
MinimumVisualStudioVersion = 10.0.40219.1
Project("{FAE04EC0-301F-11D3-BF4B-00C04F79EFBC}") = "UrielAdonay", "UrielAdonay\UrielAdonay.csproj", "{CDCF85E8-D942-4B3F-856B-53A7A01A60D5}"
EndProject
Global
	GlobalSection(SolutionConfigurationPlatforms) = preSolution
		Debug|Any CPU = Debug|Any CPU
		Release|Any CPU = Release|Any CPU
	EndGlobalSection
	GlobalSection(ProjectConfigurationPlatforms) = postSolution
		{CDCF85E8-D942-4B3F-856B-53A7A01A60D5}.Debug|Any CPU.ActiveCfg = Debug|Any CPU
		{CDCF85E8-D942-4B3F-856B-53A7A01A60D5}.Debug|Any CPU.Build.0 = Debug|Any CPU
		{CDCF85E8-D942-4B3F-856B-53A7A01A60D5}.Release|Any CPU.ActiveCfg = Release|Any CPU
		{CDCF85E8-D942-4B3F-856B-53A7A01A60D5}.Release|Any CPU.Build.0 = Release|Any CPU
	EndGlobalSection
	GlobalSection(SolutionProperties) = preSolution
		HideSolutionNode = FALSE
	EndGlobalSection
	GlobalSection(ExtensibilityGlobals) = postSolution
		SolutionGuid = {C0827BB6-A093-43F1-B6FE-CBD4DF9AC44D}
	EndGlobalSection
EndGlobal
